// !$*UTF8*$!
{
	archiveVersion = 1;
	classes = {
	};
	objectVersion = 50;
	objects = {

/* Begin PBXBuildFile section */
		E79B24C526920EA000251A10 /* AppDelegate.swift in Sources */ = {isa = PBXBuildFile; fileRef = E79B24C426920EA000251A10 /* AppDelegate.swift */; };
		E79B24C726920EA000251A10 /* SceneDelegate.swift in Sources */ = {isa = PBXBuildFile; fileRef = E79B24C626920EA000251A10 /* SceneDelegate.swift */; };
		E79B24C926920EA000251A10 /* ViewController.swift in Sources */ = {isa = PBXBuildFile; fileRef = E79B24C826920EA000251A10 /* ViewController.swift */; };
		E79B24CC26920EA000251A10 /* Main.storyboard in Resources */ = {isa = PBXBuildFile; fileRef = E79B24CA26920EA000251A10 /* Main.storyboard */; };
		E79B24CE26920EA100251A10 /* Assets.xcassets in Resources */ = {isa = PBXBuildFile; fileRef = E79B24CD26920EA100251A10 /* Assets.xcassets */; };
		E79B24D126920EA100251A10 /* LaunchScreen.storyboard in Resources */ = {isa = PBXBuildFile; fileRef = E79B24CF26920EA100251A10 /* LaunchScreen.storyboard */; };
		E79B24E42692134C00251A10 /* HightTVC.swift in Sources */ = {isa = PBXBuildFile; fileRef = E79B24E32692134C00251A10 /* HightTVC.swift */; };
		E79B24E8269214C700251A10 /* HightBranchVC.swift in Sources */ = {isa = PBXBuildFile; fileRef = E79B24E7269214C700251A10 /* HightBranchVC.swift */; };
		E79B24EA2692153400251A10 /* DownTVC.swift in Sources */ = {isa = PBXBuildFile; fileRef = E79B24E92692153400251A10 /* DownTVC.swift */; };
		E79B24EF269218AE00251A10 /* PersonData.swift in Sources */ = {isa = PBXBuildFile; fileRef = E79B24EE269218AE00251A10 /* PersonData.swift */; };
/* End PBXBuildFile section */

/* Begin PBXFileReference section */
		E79B24C126920EA000251A10 /* Tabels_15.app */ = {isa = PBXFileReference; explicitFileType = wrapper.application; includeInIndex = 0; path = Tabels_15.app; sourceTree = BUILT_PRODUCTS_DIR; };
		E79B24C426920EA000251A10 /* AppDelegate.swift */ = {isa = PBXFileReference; lastKnownFileType = sourcecode.swift; path = AppDelegate.swift; sourceTree = "<group>"; };
		E79B24C626920EA000251A10 /* SceneDelegate.swift */ = {isa = PBXFileReference; lastKnownFileType = sourcecode.swift; path = SceneDelegate.swift; sourceTree = "<group>"; };
		E79B24C826920EA000251A10 /* ViewController.swift */ = {isa = PBXFileReference; lastKnownFileType = sourcecode.swift; path = ViewController.swift; sourceTree = "<group>"; };
		E79B24CB26920EA000251A10 /* Base */ = {isa = PBXFileReference; lastKnownFileType = file.storyboard; name = Base; path = Base.lproj/Main.storyboard; sourceTree = "<group>"; };
		E79B24CD26920EA100251A10 /* Assets.xcassets */ = {isa = PBXFileReference; lastKnownFileType = folder.assetcatalog; path = Assets.xcassets; sourceTree = "<group>"; };
		E79B24D026920EA100251A10 /* Base */ = {isa = PBXFileReference; lastKnownFileType = file.storyboard; name = Base; path = Base.lproj/LaunchScreen.storyboard; sourceTree = "<group>"; };
		E79B24D226920EA100251A10 /* Info.plist */ = {isa = PBXFileReference; lastKnownFileType = text.plist.xml; path = Info.plist; sourceTree = "<group>"; };
		E79B24E32692134C00251A10 /* HightTVC.swift */ = {isa = PBXFileReference; lastKnownFileType = sourcecode.swift; path = HightTVC.swift; sourceTree = "<group>"; };
		E79B24E7269214C700251A10 /* HightBranchVC.swift */ = {isa = PBXFileReference; lastKnownFileType = sourcecode.swift; path = HightBranchVC.swift; sourceTree = "<group>"; };
		E79B24E92692153400251A10 /* DownTVC.swift */ = {isa = PBXFileReference; lastKnownFileType = sourcecode.swift; path = DownTVC.swift; sourceTree = "<group>"; };
		E79B24EE269218AE00251A10 /* PersonData.swift */ = {isa = PBXFileReference; lastKnownFileType = sourcecode.swift; path = PersonData.swift; sourceTree = "<group>"; };
/* End PBXFileReference section */

/* Begin PBXFrameworksBuildPhase section */
		E79B24BE26920EA000251A10 /* Frameworks */ = {
			isa = PBXFrameworksBuildPhase;
			buildActionMask = 2147483647;
			files = (
			);
			runOnlyForDeploymentPostprocessing = 0;
		};
/* End PBXFrameworksBuildPhase section */

/* Begin PBXGroup section */
		E79B24B826920EA000251A10 = {
			isa = PBXGroup;
			children = (
				E79B24C326920EA000251A10 /* Tabels_15 */,
				E79B24C226920EA000251A10 /* Products */,
			);
			sourceTree = "<group>";
		};
		E79B24C226920EA000251A10 /* Products */ = {
			isa = PBXGroup;
			children = (
				E79B24C126920EA000251A10 /* Tabels_15.app */,
			);
			name = Products;
			sourceTree = "<group>";
		};
		E79B24C326920EA000251A10 /* Tabels_15 */ = {
			isa = PBXGroup;
			children = (
				E79B24EB2692182B00251A10 /* Services */,
				E79B24DC2692123E00251A10 /* Controllers */,
				E79B24DA2692115C00251A10 /* AppFiles */,
				E79B24C826920EA000251A10 /* ViewController.swift */,
				E79B24DB2692117500251A10 /* Resources */,
				E79B24D826920F3F00251A10 /* Views */,
				E79B24D226920EA100251A10 /* Info.plist */,
			);
			path = Tabels_15;
			sourceTree = "<group>";
		};
		E79B24D826920F3F00251A10 /* Views */ = {
			isa = PBXGroup;
			children = (
				E79B24CA26920EA000251A10 /* Main.storyboard */,
				E79B24CF26920EA100251A10 /* LaunchScreen.storyboard */,
			);
			path = Views;
			sourceTree = "<group>";
		};
		E79B24DA2692115C00251A10 /* AppFiles */ = {
			isa = PBXGroup;
			children = (
				E79B24C426920EA000251A10 /* AppDelegate.swift */,
				E79B24C626920EA000251A10 /* SceneDelegate.swift */,
			);
			path = AppFiles;
			sourceTree = "<group>";
		};
		E79B24DB2692117500251A10 /* Resources */ = {
			isa = PBXGroup;
			children = (
				E79B24CD26920EA100251A10 /* Assets.xcassets */,
			);
			path = Resources;
			sourceTree = "<group>";
		};
		E79B24DC2692123E00251A10 /* Controllers */ = {
			isa = PBXGroup;
			children = (
				E79B24DD2692124A00251A10 /* HightBranch */,
				E79B24DE2692126F00251A10 /* DownBranch */,
			);
			path = Controllers;
			sourceTree = "<group>";
		};
		E79B24DD2692124A00251A10 /* HightBranch */ = {
			isa = PBXGroup;
			children = (
				E79B24E32692134C00251A10 /* HightTVC.swift */,
				E79B24E7269214C700251A10 /* HightBranchVC.swift */,
			);
			path = HightBranch;
			sourceTree = "<group>";
		};
		E79B24DE2692126F00251A10 /* DownBranch */ = {
			isa = PBXGroup;
			children = (
				E79B24E92692153400251A10 /* DownTVC.swift */,
			);
			path = DownBranch;
			sourceTree = "<group>";
		};
		E79B24EB2692182B00251A10 /* Services */ = {
			isa = PBXGroup;
			children = (
				E79B24EE269218AE00251A10 /* PersonData.swift */,
			);
			path = Services;
			sourceTree = "<group>";
		};
/* End PBXGroup section */

/* Begin PBXNativeTarget section */
		E79B24C026920EA000251A10 /* Tabels_15 */ = {
			isa = PBXNativeTarget;
			buildConfigurationList = E79B24D526920EA100251A10 /* Build configuration list for PBXNativeTarget "Tabels_15" */;
			buildPhases = (
				E79B24BD26920EA000251A10 /* Sources */,
				E79B24BE26920EA000251A10 /* Frameworks */,
				E79B24BF26920EA000251A10 /* Resources */,
			);
			buildRules = (
			);
			dependencies = (
			);
			name = Tabels_15;
			productName = Tabels_15;
			productReference = E79B24C126920EA000251A10 /* Tabels_15.app */;
			productType = "com.apple.product-type.application";
		};
/* End PBXNativeTarget section */

/* Begin PBXProject section */
		E79B24B926920EA000251A10 /* Project object */ = {
			isa = PBXProject;
			attributes = {
				LastSwiftUpdateCheck = 1160;
				LastUpgradeCheck = 1160;
				ORGANIZATIONNAME = "Владимир ";
				TargetAttributes = {
					E79B24C026920EA000251A10 = {
						CreatedOnToolsVersion = 11.6;
					};
				};
			};
			buildConfigurationList = E79B24BC26920EA000251A10 /* Build configuration list for PBXProject "Tabels_15" */;
			compatibilityVersion = "Xcode 9.3";
			developmentRegion = en;
			hasScannedForEncodings = 0;
			knownRegions = (
				en,
				Base,
			);
			mainGroup = E79B24B826920EA000251A10;
			productRefGroup = E79B24C226920EA000251A10 /* Products */;
			projectDirPath = "";
			projectRoot = "";
			targets = (
				E79B24C026920EA000251A10 /* Tabels_15 */,
			);
		};
/* End PBXProject section */

/* Begin PBXResourcesBuildPhase section */
		E79B24BF26920EA000251A10 /* Resources */ = {
			isa = PBXResourcesBuildPhase;
			buildActionMask = 2147483647;
			files = (
				E79B24D126920EA100251A10 /* LaunchScreen.storyboard in Resources */,
				E79B24CE26920EA100251A10 /* Assets.xcassets in Resources */,
				E79B24CC26920EA000251A10 /* Main.storyboard in Resources */,
			);
			runOnlyForDeploymentPostprocessing = 0;
		};
/* End PBXResourcesBuildPhase section */

/* Begin PBXSourcesBuildPhase section */
		E79B24BD26920EA000251A10 /* Sources */ = {
			isa = PBXSourcesBuildPhase;
			buildActionMask = 2147483647;
			files = (
				E79B24C926920EA000251A10 /* ViewController.swift in Sources */,
				E79B24C526920EA000251A10 /* AppDelegate.swift in Sources */,
				E79B24E42692134C00251A10 /* HightTVC.swift in Sources */,
				E79B24EA2692153400251A10 /* DownTVC.swift in Sources */,
				E79B24C726920EA000251A10 /* SceneDelegate.swift in Sources */,
				E79B24EF269218AE00251A10 /* PersonData.swift in Sources */,
				E79B24E8269214C700251A10 /* HightBranchVC.swift in Sources */,
			);
			runOnlyForDeploymentPostprocessing = 0;
		};
/* End PBXSourcesBuildPhase section */

/* Begin PBXVariantGroup section */
		E79B24CA26920EA000251A10 /* Main.storyboard */ = {
			isa = PBXVariantGroup;
			children = (
				E79B24CB26920EA000251A10 /* Base */,
			);
			name = Main.storyboard;
			sourceTree = "<group>";
		};
		E79B24CF26920EA100251A10 /* LaunchScreen.storyboard */ = {
			isa = PBXVariantGroup;
			children = (
				E79B24D026920EA100251A10 /* Base */,
			);
			name = LaunchScreen.storyboard;
			sourceTree = "<group>";
		};
/* End PBXVariantGroup section */

/* Begin XCBuildConfiguration section */
		E79B24D326920EA100251A10 /* Debug */ = {
			isa = XCBuildConfiguration;
			buildSettings = {
				ALWAYS_SEARCH_USER_PATHS = NO;
				CLANG_ANALYZER_NONNULL = YES;
				CLANG_ANALYZER_NUMBER_OBJECT_CONVERSION = YES_AGGRESSIVE;
				CLANG_CXX_LANGUAGE_STANDARD = "gnu++14";
				CLANG_CXX_LIBRARY = "libc++";
				CLANG_ENABLE_MODULES = YES;
				CLANG_ENABLE_OBJC_ARC = YES;
				CLANG_ENABLE_OBJC_WEAK = YES;
				CLANG_WARN_BLOCK_CAPTURE_AUTORELEASING = YES;
				CLANG_WARN_BOOL_CONVERSION = YES;
				CLANG_WARN_COMMA = YES;
				CLANG_WARN_CONSTANT_CONVERSION = YES;
				CLANG_WARN_DEPRECATED_OBJC_IMPLEMENTATIONS = YES;
				CLANG_WARN_DIRECT_OBJC_ISA_USAGE = YES_ERROR;
				CLANG_WARN_DOCUMENTATION_COMMENTS = YES;
				CLANG_WARN_EMPTY_BODY = YES;
				CLANG_WARN_ENUM_CONVERSION = YES;
				CLANG_WARN_INFINITE_RECURSION = YES;
				CLANG_WARN_INT_CONVERSION = YES;
				CLANG_WARN_NON_LITERAL_NULL_CONVERSION = YES;
				CLANG_WARN_OBJC_IMPLICIT_RETAIN_SELF = YES;
				CLANG_WARN_OBJC_LITERAL_CONVERSION = YES;
				CLANG_WARN_OBJC_ROOT_CLASS = YES_ERROR;
				CLANG_WARN_RANGE_LOOP_ANALYSIS = YES;
				CLANG_WARN_STRICT_PROTOTYPES = YES;
				CLANG_WARN_SUSPICIOUS_MOVE = YES;
				CLANG_WARN_UNGUARDED_AVAILABILITY = YES_AGGRESSIVE;
				CLANG_WARN_UNREACHABLE_CODE = YES;
				CLANG_WARN__DUPLICATE_METHOD_MATCH = YES;
				COPY_PHASE_STRIP = NO;
				DEBUG_INFORMATION_FORMAT = dwarf;
				ENABLE_STRICT_OBJC_MSGSEND = YES;
				ENABLE_TESTABILITY = YES;
				GCC_C_LANGUAGE_STANDARD = gnu11;
				GCC_DYNAMIC_NO_PIC = NO;
				GCC_NO_COMMON_BLOCKS = YES;
				GCC_OPTIMIZATION_LEVEL = 0;
				GCC_PREPROCESSOR_DEFINITIONS = (
					"DEBUG=1",
					"$(inherited)",
				);
				GCC_WARN_64_TO_32_BIT_CONVERSION = YES;
				GCC_WARN_ABOUT_RETURN_TYPE = YES_ERROR;
				GCC_WARN_UNDECLARED_SELECTOR = YES;
				GCC_WARN_UNINITIALIZED_AUTOS = YES_AGGRESSIVE;
				GCC_WARN_UNUSED_FUNCTION = YES;
				GCC_WARN_UNUSED_VARIABLE = YES;
				IPHONEOS_DEPLOYMENT_TARGET = 13.6;
				MTL_ENABLE_DEBUG_INFO = INCLUDE_SOURCE;
				MTL_FAST_MATH = YES;
				ONLY_ACTIVE_ARCH = YES;
				SDKROOT = iphoneos;
				SWIFT_ACTIVE_COMPILATION_CONDITIONS = DEBUG;
				SWIFT_OPTIMIZATION_LEVEL = "-Onone";
			};
			name = Debug;
		};
		E79B24D426920EA100251A10 /* Release */ = {
			isa = XCBuildConfiguration;
			buildSettings = {
				ALWAYS_SEARCH_USER_PATHS = NO;
				CLANG_ANALYZER_NONNULL = YES;
				CLANG_ANALYZER_NUMBER_OBJECT_CONVERSION = YES_AGGRESSIVE;
				CLANG_CXX_LANGUAGE_STANDARD = "gnu++14";
				CLANG_CXX_LIBRARY = "libc++";
				CLANG_ENABLE_MODULES = YES;
				CLANG_ENABLE_OBJC_ARC = YES;
				CLANG_ENABLE_OBJC_WEAK = YES;
				CLANG_WARN_BLOCK_CAPTURE_AUTORELEASING = YES;
				CLANG_WARN_BOOL_CONVERSION = YES;
				CLANG_WARN_COMMA = YES;
				CLANG_WARN_CONSTANT_CONVERSION = YES;
				CLANG_WARN_DEPRECATED_OBJC_IMPLEMENTATIONS = YES;
				CLANG_WARN_DIRECT_OBJC_ISA_USAGE = YES_ERROR;
				CLANG_WARN_DOCUMENTATION_COMMENTS = YES;
				CLANG_WARN_EMPTY_BODY = YES;
				CLANG_WARN_ENUM_CONVERSION = YES;
				CLANG_WARN_INFINITE_RECURSION = YES;
				CLANG_WARN_INT_CONVERSION = YES;
				CLANG_WARN_NON_LITERAL_NULL_CONVERSION = YES;
				CLANG_WARN_OBJC_IMPLICIT_RETAIN_SELF = YES;
				CLANG_WARN_OBJC_LITERAL_CONVERSION = YES;
				CLANG_WARN_OBJC_ROOT_CLASS = YES_ERROR;
				CLANG_WARN_RANGE_LOOP_ANALYSIS = YES;
				CLANG_WARN_STRICT_PROTOTYPES = YES;
				CLANG_WARN_SUSPICIOUS_MOVE = YES;
				CLANG_WARN_UNGUARDED_AVAILABILITY = YES_AGGRESSIVE;
				CLANG_WARN_UNREACHABLE_CODE = YES;
				CLANG_WARN__DUPLICATE_METHOD_MATCH = YES;
				COPY_PHASE_STRIP = NO;
				DEBUG_INFORMATION_FORMAT = "dwarf-with-dsym";
				ENABLE_NS_ASSERTIONS = NO;
				ENABLE_STRICT_OBJC_MSGSEND = YES;
				GCC_C_LANGUAGE_STANDARD = gnu11;
				GCC_NO_COMMON_BLOCKS = YES;
				GCC_WARN_64_TO_32_BIT_CONVERSION = YES;
				GCC_WARN_ABOUT_RETURN_TYPE = YES_ERROR;
				GCC_WARN_UNDECLARED_SELECTOR = YES;
				GCC_WARN_UNINITIALIZED_AUTOS = YES_AGGRESSIVE;
				GCC_WARN_UNUSED_FUNCTION = YES;
				GCC_WARN_UNUSED_VARIABLE = YES;
				IPHONEOS_DEPLOYMENT_TARGET = 13.6;
				MTL_ENABLE_DEBUG_INFO = NO;
				MTL_FAST_MATH = YES;
				SDKROOT = iphoneos;
				SWIFT_COMPILATION_MODE = wholemodule;
				SWIFT_OPTIMIZATION_LEVEL = "-O";
				VALIDATE_PRODUCT = YES;
			};
			name = Release;
		};
		E79B24D626920EA100251A10 /* Debug */ = {
			isa = XCBuildConfiguration;
			buildSettings = {
				ASSETCATALOG_COMPILER_APPICON_NAME = AppIcon;
				CODE_SIGN_STYLE = Automatic;
				DEVELOPMENT_TEAM = K79KHUW8KA;
				INFOPLIST_FILE = Tabels_15/Info.plist;
				LD_RUNPATH_SEARCH_PATHS = (
					"$(inherited)",
					"@executable_path/Frameworks",
				);
				PRODUCT_BUNDLE_IDENTIFIER = "com.example.Tabels-15";
				PRODUCT_NAME = "$(TARGET_NAME)";
				SWIFT_VERSION = 5.0;
				TARGETED_DEVICE_FAMILY = "1,2";
			};
			name = Debug;
		};
		E79B24D726920EA100251A10 /* Release */ = {
			isa = XCBuildConfiguration;
			buildSettings = {
				ASSETCATALOG_COMPILER_APPICON_NAME = AppIcon;
				CODE_SIGN_STYLE = Automatic;
				DEVELOPMENT_TEAM = K79KHUW8KA;
				INFOPLIST_FILE = Tabels_15/Info.plist;
				LD_RUNPATH_SEARCH_PATHS = (
					"$(inherited)",
					"@executable_path/Frameworks",
				);
				PRODUCT_BUNDLE_IDENTIFIER = "com.example.Tabels-15";
				PRODUCT_NAME = "$(TARGET_NAME)";
				SWIFT_VERSION = 5.0;
				TARGETED_DEVICE_FAMILY = "1,2";
			};
			name = Release;
		};
/* End XCBuildConfiguration section */

/* Begin XCConfigurationList section */
		E79B24BC26920EA000251A10 /* Build configuration list for PBXProject "Tabels_15" */ = {
			isa = XCConfigurationList;
			buildConfigurations = (
				E79B24D326920EA100251A10 /* Debug */,
				E79B24D426920EA100251A10 /* Release */,
			);
			defaultConfigurationIsVisible = 0;
			defaultConfigurationName = Release;
		};
		E79B24D526920EA100251A10 /* Build configuration list for PBXNativeTarget "Tabels_15" */ = {
			isa = XCConfigurationList;
			buildConfigurations = (
				E79B24D626920EA100251A10 /* Debug */,
				E79B24D726920EA100251A10 /* Release */,
			);
			defaultConfigurationIsVisible = 0;
			defaultConfigurationName = Release;
		};
/* End XCConfigurationList section */
	};
	rootObject = E79B24B926920EA000251A10 /* Project object */;
}
